
Microsoft Visual Studio Solution File, Format Version 12.00
# Visual Studio Version 16
VisualStudioVersion = 16.0.31911.196
MinimumVisualStudioVersion = 10.0.40219.1
Project("{FAE04EC0-301F-11D3-BF4B-00C04F79EFBC}") = "PaymentAPI", "PaymentAPI\PaymentAPI.csproj", "{3B5ED900-7B6F-47C3-A1D4-3B3156ED8E05}"
EndProject
Global
	GlobalSection(SolutionConfigurationPlatforms) = preSolution
		Debug|Any CPU = Debug|Any CPU
		Release|Any CPU = Release|Any CPU
	EndGlobalSection
	GlobalSection(ProjectConfigurationPlatforms) = postSolution
		{3B5ED900-7B6F-47C3-A1D4-3B3156ED8E05}.Debug|Any CPU.ActiveCfg = Debug|Any CPU
		{3B5ED900-7B6F-47C3-A1D4-3B3156ED8E05}.Debug|Any CPU.Build.0 = Debug|Any CPU
		{3B5ED900-7B6F-47C3-A1D4-3B3156ED8E05}.Release|Any CPU.ActiveCfg = Release|Any CPU
		{3B5ED900-7B6F-47C3-A1D4-3B3156ED8E05}.Release|Any CPU.Build.0 = Release|Any CPU
	EndGlobalSection
	GlobalSection(SolutionProperties) = preSolution
		HideSolutionNode = FALSE
	EndGlobalSection
	GlobalSection(ExtensibilityGlobals) = postSolution
		SolutionGuid = {E0CE8AA4-355B-4EE3-ADD5-A244D2097873}
	EndGlobalSection
EndGlobal
